// !$*UTF8*$!
{
	archiveVersion = 1;
	classes = {
	};
	objectVersion = 56;
	objects = {

/* Begin PBXBuildFile section */
		5A39EF0E2AF1AEDA00B81E5D /* CanadaViewController.swift in Sources */ = {isa = PBXBuildFile; fileRef = 5A39EF0D2AF1AEDA00B81E5D /* CanadaViewController.swift */; };
		5A39EF102AF1AF1600B81E5D /* FunctionViewController.swift in Sources */ = {isa = PBXBuildFile; fileRef = 5A39EF0F2AF1AF1600B81E5D /* FunctionViewController.swift */; };
		5A39EF122AF1AF3400B81E5D /* QuadraticViewController.swift in Sources */ = {isa = PBXBuildFile; fileRef = 5A39EF112AF1AF3400B81E5D /* QuadraticViewController.swift */; };
		5A39EF142AF1E11700B81E5D /* MyLabViewController.swift in Sources */ = {isa = PBXBuildFile; fileRef = 5A39EF132AF1E11700B81E5D /* MyLabViewController.swift */; };
		5A5F8F462AE35D7D00151113 /* AppDelegate.swift in Sources */ = {isa = PBXBuildFile; fileRef = 5A5F8F452AE35D7D00151113 /* AppDelegate.swift */; };
		5A5F8F482AE35D7D00151113 /* SceneDelegate.swift in Sources */ = {isa = PBXBuildFile; fileRef = 5A5F8F472AE35D7D00151113 /* SceneDelegate.swift */; };
		5A5F8F4D2AE35D7D00151113 /* Main.storyboard in Resources */ = {isa = PBXBuildFile; fileRef = 5A5F8F4B2AE35D7D00151113 /* Main.storyboard */; };
		5A5F8F4F2AE35D7F00151113 /* Assets.xcassets in Resources */ = {isa = PBXBuildFile; fileRef = 5A5F8F4E2AE35D7F00151113 /* Assets.xcassets */; };
		5A5F8F522AE35D7F00151113 /* LaunchScreen.storyboard in Resources */ = {isa = PBXBuildFile; fileRef = 5A5F8F502AE35D7F00151113 /* LaunchScreen.storyboard */; };
		5A5FE5B82AF740D4000055F3 /* Lab2.swift in Sources */ = {isa = PBXBuildFile; fileRef = 5A5FE5B72AF740D4000055F3 /* Lab2.swift */; };
		5A5FE5BA2AF74192000055F3 /* Lab3.swift in Sources */ = {isa = PBXBuildFile; fileRef = 5A5FE5B92AF74192000055F3 /* Lab3.swift */; };
		5A5FE5BC2AF7419E000055F3 /* Lab4.swift in Sources */ = {isa = PBXBuildFile; fileRef = 5A5FE5BB2AF7419E000055F3 /* Lab4.swift */; };
		5A5FE5BE2AF749EB000055F3 /* UITextFieldExtension.swift in Sources */ = {isa = PBXBuildFile; fileRef = 5A5FE5BD2AF749EB000055F3 /* UITextFieldExtension.swift */; };
/* End PBXBuildFile section */

/* Begin PBXFileReference section */
		5A39EF0D2AF1AEDA00B81E5D /* CanadaViewController.swift */ = {isa = PBXFileReference; lastKnownFileType = sourcecode.swift; path = CanadaViewController.swift; sourceTree = "<group>"; };
		5A39EF0F2AF1AF1600B81E5D /* FunctionViewController.swift */ = {isa = PBXFileReference; lastKnownFileType = sourcecode.swift; path = FunctionViewController.swift; sourceTree = "<group>"; };
		5A39EF112AF1AF3400B81E5D /* QuadraticViewController.swift */ = {isa = PBXFileReference; lastKnownFileType = sourcecode.swift; path = QuadraticViewController.swift; sourceTree = "<group>"; };
		5A39EF132AF1E11700B81E5D /* MyLabViewController.swift */ = {isa = PBXFileReference; lastKnownFileType = sourcecode.swift; path = MyLabViewController.swift; sourceTree = "<group>"; };
		5A5F8F422AE35D7D00151113 /* Priyanka_Vithani_MT_8875646.app */ = {isa = PBXFileReference; explicitFileType = wrapper.application; includeInIndex = 0; path = Priyanka_Vithani_MT_8875646.app; sourceTree = BUILT_PRODUCTS_DIR; };
		5A5F8F452AE35D7D00151113 /* AppDelegate.swift */ = {isa = PBXFileReference; lastKnownFileType = sourcecode.swift; path = AppDelegate.swift; sourceTree = "<group>"; };
		5A5F8F472AE35D7D00151113 /* SceneDelegate.swift */ = {isa = PBXFileReference; lastKnownFileType = sourcecode.swift; path = SceneDelegate.swift; sourceTree = "<group>"; };
		5A5F8F4C2AE35D7D00151113 /* Base */ = {isa = PBXFileReference; lastKnownFileType = file.storyboard; name = Base; path = Base.lproj/Main.storyboard; sourceTree = "<group>"; };
		5A5F8F4E2AE35D7F00151113 /* Assets.xcassets */ = {isa = PBXFileReference; lastKnownFileType = folder.assetcatalog; path = Assets.xcassets; sourceTree = "<group>"; };
		5A5F8F512AE35D7F00151113 /* Base */ = {isa = PBXFileReference; lastKnownFileType = file.storyboard; name = Base; path = Base.lproj/LaunchScreen.storyboard; sourceTree = "<group>"; };
		5A5F8F532AE35D7F00151113 /* Info.plist */ = {isa = PBXFileReference; lastKnownFileType = text.plist.xml; path = Info.plist; sourceTree = "<group>"; };
		5A5FE5B72AF740D4000055F3 /* Lab2.swift */ = {isa = PBXFileReference; lastKnownFileType = sourcecode.swift; path = Lab2.swift; sourceTree = "<group>"; };
		5A5FE5B92AF74192000055F3 /* Lab3.swift */ = {isa = PBXFileReference; lastKnownFileType = sourcecode.swift; path = Lab3.swift; sourceTree = "<group>"; };
		5A5FE5BB2AF7419E000055F3 /* Lab4.swift */ = {isa = PBXFileReference; lastKnownFileType = sourcecode.swift; path = Lab4.swift; sourceTree = "<group>"; };
		5A5FE5BD2AF749EB000055F3 /* UITextFieldExtension.swift */ = {isa = PBXFileReference; lastKnownFileType = sourcecode.swift; path = UITextFieldExtension.swift; sourceTree = "<group>"; };
/* End PBXFileReference section */

/* Begin PBXFrameworksBuildPhase section */
		5A5F8F3F2AE35D7D00151113 /* Frameworks */ = {
			isa = PBXFrameworksBuildPhase;
			buildActionMask = 2147483647;
			files = (
			);
			runOnlyForDeploymentPostprocessing = 0;
		};
/* End PBXFrameworksBuildPhase section */

/* Begin PBXGroup section */
		5A5F8F392AE35D7C00151113 = {
			isa = PBXGroup;
			children = (
				5A5F8F442AE35D7D00151113 /* Priyanka_Vithani_MT_8875646 */,
				5A5F8F432AE35D7D00151113 /* Products */,
			);
			sourceTree = "<group>";
		};
		5A5F8F432AE35D7D00151113 /* Products */ = {
			isa = PBXGroup;
			children = (
				5A5F8F422AE35D7D00151113 /* Priyanka_Vithani_MT_8875646.app */,
			);
			name = Products;
			sourceTree = "<group>";
		};
		5A5F8F442AE35D7D00151113 /* Priyanka_Vithani_MT_8875646 */ = {
			isa = PBXGroup;
			children = (
				5A5F8F452AE35D7D00151113 /* AppDelegate.swift */,
				5A5F8F472AE35D7D00151113 /* SceneDelegate.swift */,
				5A39EF0D2AF1AEDA00B81E5D /* CanadaViewController.swift */,
				5A39EF0F2AF1AF1600B81E5D /* FunctionViewController.swift */,
				5A39EF132AF1E11700B81E5D /* MyLabViewController.swift */,
				5A39EF112AF1AF3400B81E5D /* QuadraticViewController.swift */,
				5A5FE5B72AF740D4000055F3 /* Lab2.swift */,
				5A5FE5B92AF74192000055F3 /* Lab3.swift */,
				5A5FE5BB2AF7419E000055F3 /* Lab4.swift */,
				5A5FE5BD2AF749EB000055F3 /* UITextFieldExtension.swift */,
				5A5F8F4B2AE35D7D00151113 /* Main.storyboard */,
				5A5F8F4E2AE35D7F00151113 /* Assets.xcassets */,
				5A5F8F502AE35D7F00151113 /* LaunchScreen.storyboard */,
				5A5F8F532AE35D7F00151113 /* Info.plist */,
			);
			path = Priyanka_Vithani_MT_8875646;
			sourceTree = "<group>";
		};
/* End PBXGroup section */

/* Begin PBXNativeTarget section */
		5A5F8F412AE35D7D00151113 /* Priyanka_Vithani_MT_8875646 */ = {
			isa = PBXNativeTarget;
			buildConfigurationList = 5A5F8F562AE35D7F00151113 /* Build configuration list for PBXNativeTarget "Priyanka_Vithani_MT_8875646" */;
			buildPhases = (
				5A5F8F3E2AE35D7D00151113 /* Sources */,
				5A5F8F3F2AE35D7D00151113 /* Frameworks */,
				5A5F8F402AE35D7D00151113 /* Resources */,
			);
			buildRules = (
			);
			dependencies = (
			);
			name = Priyanka_Vithani_MT_8875646;
			productName = Priyanka_Vithani_MT_8875646;
			productReference = 5A5F8F422AE35D7D00151113 /* Priyanka_Vithani_MT_8875646.app */;
			productType = "com.apple.product-type.application";
		};
/* End PBXNativeTarget section */

/* Begin PBXProject section */
		5A5F8F3A2AE35D7C00151113 /* Project object */ = {
			isa = PBXProject;
			attributes = {
				BuildIndependentTargetsInParallel = 1;
				LastSwiftUpdateCheck = 1500;
				LastUpgradeCheck = 1500;
				TargetAttributes = {
					5A5F8F412AE35D7D00151113 = {
						CreatedOnToolsVersion = 15.0;
					};
				};
			};
			buildConfigurationList = 5A5F8F3D2AE35D7C00151113 /* Build configuration list for PBXProject "Priyanka_Vithani_MT_8875646" */;
			compatibilityVersion = "Xcode 14.0";
			developmentRegion = en;
			hasScannedForEncodings = 0;
			knownRegions = (
				en,
				Base,
			);
			mainGroup = 5A5F8F392AE35D7C00151113;
			productRefGroup = 5A5F8F432AE35D7D00151113 /* Products */;
			projectDirPath = "";
			projectRoot = "";
			targets = (
				5A5F8F412AE35D7D00151113 /* Priyanka_Vithani_MT_8875646 */,
			);
		};
/* End PBXProject section */

/* Begin PBXResourcesBuildPhase section */
		5A5F8F402AE35D7D00151113 /* Resources */ = {
			isa = PBXResourcesBuildPhase;
			buildActionMask = 2147483647;
			files = (
				5A5F8F522AE35D7F00151113 /* LaunchScreen.storyboard in Resources */,
				5A5F8F4F2AE35D7F00151113 /* Assets.xcassets in Resources */,
				5A5F8F4D2AE35D7D00151113 /* Main.storyboard in Resources */,
			);
			runOnlyForDeploymentPostprocessing = 0;
		};
/* End PBXResourcesBuildPhase section */

/* Begin PBXSourcesBuildPhase section */
		5A5F8F3E2AE35D7D00151113 /* Sources */ = {
			isa = PBXSourcesBuildPhase;
			buildActionMask = 2147483647;
			files = (
				5A39EF122AF1AF3400B81E5D /* QuadraticViewController.swift in Sources */,
				5A39EF102AF1AF1600B81E5D /* FunctionViewController.swift in Sources */,
				5A39EF0E2AF1AEDA00B81E5D /* CanadaViewController.swift in Sources */,
				5A5FE5B82AF740D4000055F3 /* Lab2.swift in Sources */,
				5A39EF142AF1E11700B81E5D /* MyLabViewController.swift in Sources */,
				5A5FE5BE2AF749EB000055F3 /* UITextFieldExtension.swift in Sources */,
				5A5FE5BC2AF7419E000055F3 /* Lab4.swift in Sources */,
				5A5F8F462AE35D7D00151113 /* AppDelegate.swift in Sources */,
				5A5F8F482AE35D7D00151113 /* SceneDelegate.swift in Sources */,
				5A5FE5BA2AF74192000055F3 /* Lab3.swift in Sources */,
			);
			runOnlyForDeploymentPostprocessing = 0;
		};
/* End PBXSourcesBuildPhase section */

/* Begin PBXVariantGroup section */
		5A5F8F4B2AE35D7D00151113 /* Main.storyboard */ = {
			isa = PBXVariantGroup;
			children = (
				5A5F8F4C2AE35D7D00151113 /* Base */,
			);
			name = Main.storyboard;
			sourceTree = "<group>";
		};
		5A5F8F502AE35D7F00151113 /* LaunchScreen.storyboard */ = {
			isa = PBXVariantGroup;
			children = (
				5A5F8F512AE35D7F00151113 /* Base */,
			);
			name = LaunchScreen.storyboard;
			sourceTree = "<group>";
		};
/* End PBXVariantGroup section */

/* Begin XCBuildConfiguration section */
		5A5F8F542AE35D7F00151113 /* Debug */ = {
			isa = XCBuildConfiguration;
			buildSettings = {
				ALWAYS_SEARCH_USER_PATHS = NO;
				ASSETCATALOG_COMPILER_GENERATE_SWIFT_ASSET_SYMBOL_EXTENSIONS = YES;
				CLANG_ANALYZER_NONNULL = YES;
				CLANG_ANALYZER_NUMBER_OBJECT_CONVERSION = YES_AGGRESSIVE;
				CLANG_CXX_LANGUAGE_STANDARD = "gnu++20";
				CLANG_ENABLE_MODULES = YES;
				CLANG_ENABLE_OBJC_ARC = YES;
				CLANG_ENABLE_OBJC_WEAK = YES;
				CLANG_WARN_BLOCK_CAPTURE_AUTORELEASING = YES;
				CLANG_WARN_BOOL_CONVERSION = YES;
				CLANG_WARN_COMMA = YES;
				CLANG_WARN_CONSTANT_CONVERSION = YES;
				CLANG_WARN_DEPRECATED_OBJC_IMPLEMENTATIONS = YES;
				CLANG_WARN_DIRECT_OBJC_ISA_USAGE = YES_ERROR;
				CLANG_WARN_DOCUMENTATION_COMMENTS = YES;
				CLANG_WARN_EMPTY_BODY = YES;
				CLANG_WARN_ENUM_CONVERSION = YES;
				CLANG_WARN_INFINITE_RECURSION = YES;
				CLANG_WARN_INT_CONVERSION = YES;
				CLANG_WARN_NON_LITERAL_NULL_CONVERSION = YES;
				CLANG_WARN_OBJC_IMPLICIT_RETAIN_SELF = YES;
				CLANG_WARN_OBJC_LITERAL_CONVERSION = YES;
				CLANG_WARN_OBJC_ROOT_CLASS = YES_ERROR;
				CLANG_WARN_QUOTED_INCLUDE_IN_FRAMEWORK_HEADER = YES;
				CLANG_WARN_RANGE_LOOP_ANALYSIS = YES;
				CLANG_WARN_STRICT_PROTOTYPES = YES;
				CLANG_WARN_SUSPICIOUS_MOVE = YES;
				CLANG_WARN_UNGUARDED_AVAILABILITY = YES_AGGRESSIVE;
				CLANG_WARN_UNREACHABLE_CODE = YES;
				CLANG_WARN__DUPLICATE_METHOD_MATCH = YES;
				COPY_PHASE_STRIP = NO;
				DEBUG_INFORMATION_FORMAT = dwarf;
				ENABLE_STRICT_OBJC_MSGSEND = YES;
				ENABLE_TESTABILITY = YES;
				ENABLE_USER_SCRIPT_SANDBOXING = YES;
				GCC_C_LANGUAGE_STANDARD = gnu17;
				GCC_DYNAMIC_NO_PIC = NO;
				GCC_NO_COMMON_BLOCKS = YES;
				GCC_OPTIMIZATION_LEVEL = 0;
				GCC_PREPROCESSOR_DEFINITIONS = (
					"DEBUG=1",
					"$(inherited)",
				);
				GCC_WARN_64_TO_32_BIT_CONVERSION = YES;
				GCC_WARN_ABOUT_RETURN_TYPE = YES_ERROR;
				GCC_WARN_UNDECLARED_SELECTOR = YES;
				GCC_WARN_UNINITIALIZED_AUTOS = YES_AGGRESSIVE;
				GCC_WARN_UNUSED_FUNCTION = YES;
				GCC_WARN_UNUSED_VARIABLE = YES;
				IPHONEOS_DEPLOYMENT_TARGET = 17.0;
				LOCALIZATION_PREFERS_STRING_CATALOGS = YES;
				MTL_ENABLE_DEBUG_INFO = INCLUDE_SOURCE;
				MTL_FAST_MATH = YES;
				ONLY_ACTIVE_ARCH = YES;
				SDKROOT = iphoneos;
				SWIFT_ACTIVE_COMPILATION_CONDITIONS = "DEBUG $(inherited)";
				SWIFT_OPTIMIZATION_LEVEL = "-Onone";
			};
			name = Debug;
		};
		5A5F8F552AE35D7F00151113 /* Release */ = {
			isa = XCBuildConfiguration;
			buildSettings = {
				ALWAYS_SEARCH_USER_PATHS = NO;
				ASSETCATALOG_COMPILER_GENERATE_SWIFT_ASSET_SYMBOL_EXTENSIONS = YES;
				CLANG_ANALYZER_NONNULL = YES;
				CLANG_ANALYZER_NUMBER_OBJECT_CONVERSION = YES_AGGRESSIVE;
				CLANG_CXX_LANGUAGE_STANDARD = "gnu++20";
				CLANG_ENABLE_MODULES = YES;
				CLANG_ENABLE_OBJC_ARC = YES;
				CLANG_ENABLE_OBJC_WEAK = YES;
				CLANG_WARN_BLOCK_CAPTURE_AUTORELEASING = YES;
				CLANG_WARN_BOOL_CONVERSION = YES;
				CLANG_WARN_COMMA = YES;
				CLANG_WARN_CONSTANT_CONVERSION = YES;
				CLANG_WARN_DEPRECATED_OBJC_IMPLEMENTATIONS = YES;
				CLANG_WARN_DIRECT_OBJC_ISA_USAGE = YES_ERROR;
				CLANG_WARN_DOCUMENTATION_COMMENTS = YES;
				CLANG_WARN_EMPTY_BODY = YES;
				CLANG_WARN_ENUM_CONVERSION = YES;
				CLANG_WARN_INFINITE_RECURSION = YES;
				CLANG_WARN_INT_CONVERSION = YES;
				CLANG_WARN_NON_LITERAL_NULL_CONVERSION = YES;
				CLANG_WARN_OBJC_IMPLICIT_RETAIN_SELF = YES;
				CLANG_WARN_OBJC_LITERAL_CONVERSION = YES;
				CLANG_WARN_OBJC_ROOT_CLASS = YES_ERROR;
				CLANG_WARN_QUOTED_INCLUDE_IN_FRAMEWORK_HEADER = YES;
				CLANG_WARN_RANGE_LOOP_ANALYSIS = YES;
				CLANG_WARN_STRICT_PROTOTYPES = YES;
				CLANG_WARN_SUSPICIOUS_MOVE = YES;
				CLANG_WARN_UNGUARDED_AVAILABILITY = YES_AGGRESSIVE;
				CLANG_WARN_UNREACHABLE_CODE = YES;
				CLANG_WARN__DUPLICATE_METHOD_MATCH = YES;
				COPY_PHASE_STRIP = NO;
				DEBUG_INFORMATION_FORMAT = "dwarf-with-dsym";
				ENABLE_NS_ASSERTIONS = NO;
				ENABLE_STRICT_OBJC_MSGSEND = YES;
				ENABLE_USER_SCRIPT_SANDBOXING = YES;
				GCC_C_LANGUAGE_STANDARD = gnu17;
				GCC_NO_COMMON_BLOCKS = YES;
				GCC_WARN_64_TO_32_BIT_CONVERSION = YES;
				GCC_WARN_ABOUT_RETURN_TYPE = YES_ERROR;
				GCC_WARN_UNDECLARED_SELECTOR = YES;
				GCC_WARN_UNINITIALIZED_AUTOS = YES_AGGRESSIVE;
				GCC_WARN_UNUSED_FUNCTION = YES;
				GCC_WARN_UNUSED_VARIABLE = YES;
				IPHONEOS_DEPLOYMENT_TARGET = 17.0;
				LOCALIZATION_PREFERS_STRING_CATALOGS = YES;
				MTL_ENABLE_DEBUG_INFO = NO;
				MTL_FAST_MATH = YES;
				SDKROOT = iphoneos;
				SWIFT_COMPILATION_MODE = wholemodule;
				VALIDATE_PRODUCT = YES;
			};
			name = Release;
		};
		5A5F8F572AE35D7F00151113 /* Debug */ = {
			isa = XCBuildConfiguration;
			buildSettings = {
				ASSETCATALOG_COMPILER_APPICON_NAME = AppIcon;
				ASSETCATALOG_COMPILER_GLOBAL_ACCENT_COLOR_NAME = AccentColor;
				CODE_SIGN_STYLE = Automatic;
				CURRENT_PROJECT_VERSION = 1;
				GENERATE_INFOPLIST_FILE = YES;
				INFOPLIST_FILE = Priyanka_Vithani_MT_8875646/Info.plist;
				INFOPLIST_KEY_UIApplicationSupportsIndirectInputEvents = YES;
				INFOPLIST_KEY_UILaunchStoryboardName = LaunchScreen;
				INFOPLIST_KEY_UIMainStoryboardFile = Main;
				INFOPLIST_KEY_UISupportedInterfaceOrientations = UIInterfaceOrientationPortrait;
				INFOPLIST_KEY_UISupportedInterfaceOrientations_iPad = "UIInterfaceOrientationLandscapeLeft UIInterfaceOrientationLandscapeRight UIInterfaceOrientationPortrait UIInterfaceOrientationPortraitUpsideDown";
				LD_RUNPATH_SEARCH_PATHS = (
					"$(inherited)",
					"@executable_path/Frameworks",
				);
				MARKETING_VERSION = 1.0;
				PRODUCT_BUNDLE_IDENTIFIER = "com.MT.app.Priyanka-Vithani-MT-8875646";
				PRODUCT_NAME = "$(TARGET_NAME)";
				SUPPORTED_PLATFORMS = "iphoneos iphonesimulator";
				SUPPORTS_MACCATALYST = NO;
				SUPPORTS_MAC_DESIGNED_FOR_IPHONE_IPAD = NO;
				SWIFT_EMIT_LOC_STRINGS = YES;
				SWIFT_VERSION = 5.0;
				TARGETED_DEVICE_FAMILY = 1;
			};
			name = Debug;
		};
		5A5F8F582AE35D7F00151113 /* Release */ = {
			isa = XCBuildConfiguration;
			buildSettings = {
				ASSETCATALOG_COMPILER_APPICON_NAME = AppIcon;
				ASSETCATALOG_COMPILER_GLOBAL_ACCENT_COLOR_NAME = AccentColor;
				CODE_SIGN_STYLE = Automatic;
				CURRENT_PROJECT_VERSION = 1;
				GENERATE_INFOPLIST_FILE = YES;
				INFOPLIST_FILE = Priyanka_Vithani_MT_8875646/Info.plist;
				INFOPLIST_KEY_UIApplicationSupportsIndirectInputEvents = YES;
				INFOPLIST_KEY_UILaunchStoryboardName = LaunchScreen;
				INFOPLIST_KEY_UIMainStoryboardFile = Main;
				INFOPLIST_KEY_UISupportedInterfaceOrientations = UIInterfaceOrientationPortrait;
				INFOPLIST_KEY_UISupportedInterfaceOrientations_iPad = "UIInterfaceOrientationLandscapeLeft UIInterfaceOrientationLandscapeRight UIInterfaceOrientationPortrait UIInterfaceOrientationPortraitUpsideDown";
				LD_RUNPATH_SEARCH_PATHS = (
					"$(inherited)",
					"@executable_path/Frameworks",
				);
				MARKETING_VERSION = 1.0;
				PRODUCT_BUNDLE_IDENTIFIER = "com.MT.app.Priyanka-Vithani-MT-8875646";
				PRODUCT_NAME = "$(TARGET_NAME)";
				SUPPORTED_PLATFORMS = "iphoneos iphonesimulator";
				SUPPORTS_MACCATALYST = NO;
				SUPPORTS_MAC_DESIGNED_FOR_IPHONE_IPAD = NO;
				SWIFT_EMIT_LOC_STRINGS = YES;
				SWIFT_VERSION = 5.0;
				TARGETED_DEVICE_FAMILY = 1;
			};
			name = Release;
		};
/* End XCBuildConfiguration section */

/* Begin XCConfigurationList section */
		5A5F8F3D2AE35D7C00151113 /* Build configuration list for PBXProject "Priyanka_Vithani_MT_8875646" */ = {
			isa = XCConfigurationList;
			buildConfigurations = (
				5A5F8F542AE35D7F00151113 /* Debug */,
				5A5F8F552AE35D7F00151113 /* Release */,
			);
			defaultConfigurationIsVisible = 0;
			defaultConfigurationName = Release;
		};
		5A5F8F562AE35D7F00151113 /* Build configuration list for PBXNativeTarget "Priyanka_Vithani_MT_8875646" */ = {
			isa = XCConfigurationList;
			buildConfigurations = (
				5A5F8F572AE35D7F00151113 /* Debug */,
				5A5F8F582AE35D7F00151113 /* Release */,
			);
			defaultConfigurationIsVisible = 0;
			defaultConfigurationName = Release;
		};
/* End XCConfigurationList section */
	};
	rootObject = 5A5F8F3A2AE35D7C00151113 /* Project object */;
}
