// !$*UTF8*$!
{
	archiveVersion = 1;
	classes = {
	};
	objectVersion = 56;
	objects = {

/* Begin PBXBuildFile section */
		5A3459242B0D285F003DD7EB /* WeatherData.swift in Sources */ = {isa = PBXBuildFile; fileRef = 5A3459232B0D285F003DD7EB /* WeatherData.swift */; };
		5AAB39D82B0ABFD600932F21 /* AppDelegate.swift in Sources */ = {isa = PBXBuildFile; fileRef = 5AAB39D72B0ABFD600932F21 /* AppDelegate.swift */; };
		5AAB39DA2B0ABFD600932F21 /* SceneDelegate.swift in Sources */ = {isa = PBXBuildFile; fileRef = 5AAB39D92B0ABFD600932F21 /* SceneDelegate.swift */; };
		5AAB39DC2B0ABFD600932F21 /* WeatherViewController.swift in Sources */ = {isa = PBXBuildFile; fileRef = 5AAB39DB2B0ABFD600932F21 /* WeatherViewController.swift */; };
		5AAB39DF2B0ABFD600932F21 /* Main.storyboard in Resources */ = {isa = PBXBuildFile; fileRef = 5AAB39DD2B0ABFD600932F21 /* Main.storyboard */; };
		5AAB39E22B0ABFD600932F21 /* Priyanka_Vithani_8875646_Lab8.xcdatamodeld in Sources */ = {isa = PBXBuildFile; fileRef = 5AAB39E02B0ABFD600932F21 /* Priyanka_Vithani_8875646_Lab8.xcdatamodeld */; };
		5AAB39E42B0ABFD700932F21 /* Assets.xcassets in Resources */ = {isa = PBXBuildFile; fileRef = 5AAB39E32B0ABFD700932F21 /* Assets.xcassets */; };
		5AAB39E72B0ABFD700932F21 /* LaunchScreen.storyboard in Resources */ = {isa = PBXBuildFile; fileRef = 5AAB39E52B0ABFD700932F21 /* LaunchScreen.storyboard */; };
		5AAB39F32B0AC4A000932F21 /* ApiConstants.swift in Sources */ = {isa = PBXBuildFile; fileRef = 5AAB39F22B0AC4A000932F21 /* ApiConstants.swift */; };
/* End PBXBuildFile section */

/* Begin PBXFileReference section */
		5A3459232B0D285F003DD7EB /* WeatherData.swift */ = {isa = PBXFileReference; lastKnownFileType = sourcecode.swift; path = WeatherData.swift; sourceTree = "<group>"; };
		5AAB39D42B0ABFD600932F21 /* Priyanka_Vithani_8875646_Lab8.app */ = {isa = PBXFileReference; explicitFileType = wrapper.application; includeInIndex = 0; path = Priyanka_Vithani_8875646_Lab8.app; sourceTree = BUILT_PRODUCTS_DIR; };
		5AAB39D72B0ABFD600932F21 /* AppDelegate.swift */ = {isa = PBXFileReference; lastKnownFileType = sourcecode.swift; path = AppDelegate.swift; sourceTree = "<group>"; };
		5AAB39D92B0ABFD600932F21 /* SceneDelegate.swift */ = {isa = PBXFileReference; lastKnownFileType = sourcecode.swift; path = SceneDelegate.swift; sourceTree = "<group>"; };
		5AAB39DB2B0ABFD600932F21 /* WeatherViewController.swift */ = {isa = PBXFileReference; lastKnownFileType = sourcecode.swift; path = WeatherViewController.swift; sourceTree = "<group>"; };
		5AAB39DE2B0ABFD600932F21 /* Base */ = {isa = PBXFileReference; lastKnownFileType = file.storyboard; name = Base; path = Base.lproj/Main.storyboard; sourceTree = "<group>"; };
		5AAB39E12B0ABFD600932F21 /* Priyanka_Vithani_8875646_Lab8.xcdatamodel */ = {isa = PBXFileReference; lastKnownFileType = wrapper.xcdatamodel; path = Priyanka_Vithani_8875646_Lab8.xcdatamodel; sourceTree = "<group>"; };
		5AAB39E32B0ABFD700932F21 /* Assets.xcassets */ = {isa = PBXFileReference; lastKnownFileType = folder.assetcatalog; path = Assets.xcassets; sourceTree = "<group>"; };
		5AAB39E62B0ABFD700932F21 /* Base */ = {isa = PBXFileReference; lastKnownFileType = file.storyboard; name = Base; path = Base.lproj/LaunchScreen.storyboard; sourceTree = "<group>"; };
		5AAB39E82B0ABFD700932F21 /* Info.plist */ = {isa = PBXFileReference; lastKnownFileType = text.plist.xml; path = Info.plist; sourceTree = "<group>"; };
		5AAB39F22B0AC4A000932F21 /* ApiConstants.swift */ = {isa = PBXFileReference; lastKnownFileType = sourcecode.swift; path = ApiConstants.swift; sourceTree = "<group>"; };
/* End PBXFileReference section */

/* Begin PBXFrameworksBuildPhase section */
		5AAB39D12B0ABFD600932F21 /* Frameworks */ = {
			isa = PBXFrameworksBuildPhase;
			buildActionMask = 2147483647;
			files = (
			);
			runOnlyForDeploymentPostprocessing = 0;
		};
/* End PBXFrameworksBuildPhase section */

/* Begin PBXGroup section */
		5AAB39CB2B0ABFD600932F21 = {
			isa = PBXGroup;
			children = (
				5AAB39D62B0ABFD600932F21 /* Priyanka_Vithani_8875646_Lab8 */,
				5AAB39D52B0ABFD600932F21 /* Products */,
			);
			sourceTree = "<group>";
		};
		5AAB39D52B0ABFD600932F21 /* Products */ = {
			isa = PBXGroup;
			children = (
				5AAB39D42B0ABFD600932F21 /* Priyanka_Vithani_8875646_Lab8.app */,
			);
			name = Products;
			sourceTree = "<group>";
		};
		5AAB39D62B0ABFD600932F21 /* Priyanka_Vithani_8875646_Lab8 */ = {
			isa = PBXGroup;
			children = (
				5AAB39F12B0AC48C00932F21 /* SupportingFiles */,
				5AAB39F02B0AC46200932F21 /* Controller */,
				5AAB39EF2B0AC45B00932F21 /* View */,
				5AAB39EE2B0AC45700932F21 /* Model */,
				5AAB39D72B0ABFD600932F21 /* AppDelegate.swift */,
				5AAB39D92B0ABFD600932F21 /* SceneDelegate.swift */,
				5AAB39E52B0ABFD700932F21 /* LaunchScreen.storyboard */,
				5AAB39E32B0ABFD700932F21 /* Assets.xcassets */,
				5AAB39E82B0ABFD700932F21 /* Info.plist */,
				5AAB39E02B0ABFD600932F21 /* Priyanka_Vithani_8875646_Lab8.xcdatamodeld */,
			);
			path = Priyanka_Vithani_8875646_Lab8;
			sourceTree = "<group>";
		};
		5AAB39EE2B0AC45700932F21 /* Model */ = {
			isa = PBXGroup;
			children = (
				5A3459232B0D285F003DD7EB /* WeatherData.swift */,
			);
			path = Model;
			sourceTree = "<group>";
		};
		5AAB39EF2B0AC45B00932F21 /* View */ = {
			isa = PBXGroup;
			children = (
				5AAB39DD2B0ABFD600932F21 /* Main.storyboard */,
			);
			path = View;
			sourceTree = "<group>";
		};
		5AAB39F02B0AC46200932F21 /* Controller */ = {
			isa = PBXGroup;
			children = (
				5AAB39DB2B0ABFD600932F21 /* WeatherViewController.swift */,
			);
			path = Controller;
			sourceTree = "<group>";
		};
		5AAB39F12B0AC48C00932F21 /* SupportingFiles */ = {
			isa = PBXGroup;
			children = (
				5AAB39F22B0AC4A000932F21 /* ApiConstants.swift */,
			);
			path = SupportingFiles;
			sourceTree = "<group>";
		};
/* End PBXGroup section */

/* Begin PBXNativeTarget section */
		5AAB39D32B0ABFD600932F21 /* Priyanka_Vithani_8875646_Lab8 */ = {
			isa = PBXNativeTarget;
			buildConfigurationList = 5AAB39EB2B0ABFD700932F21 /* Build configuration list for PBXNativeTarget "Priyanka_Vithani_8875646_Lab8" */;
			buildPhases = (
				5AAB39D02B0ABFD600932F21 /* Sources */,
				5AAB39D12B0ABFD600932F21 /* Frameworks */,
				5AAB39D22B0ABFD600932F21 /* Resources */,
			);
			buildRules = (
			);
			dependencies = (
			);
			name = Priyanka_Vithani_8875646_Lab8;
			productName = Priyanka_Vithani_8875646_Lab8;
			productReference = 5AAB39D42B0ABFD600932F21 /* Priyanka_Vithani_8875646_Lab8.app */;
			productType = "com.apple.product-type.application";
		};
/* End PBXNativeTarget section */

/* Begin PBXProject section */
		5AAB39CC2B0ABFD600932F21 /* Project object */ = {
			isa = PBXProject;
			attributes = {
				BuildIndependentTargetsInParallel = 1;
				LastSwiftUpdateCheck = 1500;
				LastUpgradeCheck = 1500;
				TargetAttributes = {
					5AAB39D32B0ABFD600932F21 = {
						CreatedOnToolsVersion = 15.0.1;
					};
				};
			};
			buildConfigurationList = 5AAB39CF2B0ABFD600932F21 /* Build configuration list for PBXProject "Priyanka_Vithani_8875646_Lab8" */;
			compatibilityVersion = "Xcode 14.0";
			developmentRegion = en;
			hasScannedForEncodings = 0;
			knownRegions = (
				en,
				Base,
			);
			mainGroup = 5AAB39CB2B0ABFD600932F21;
			productRefGroup = 5AAB39D52B0ABFD600932F21 /* Products */;
			projectDirPath = "";
			projectRoot = "";
			targets = (
				5AAB39D32B0ABFD600932F21 /* Priyanka_Vithani_8875646_Lab8 */,
			);
		};
/* End PBXProject section */

/* Begin PBXResourcesBuildPhase section */
		5AAB39D22B0ABFD600932F21 /* Resources */ = {
			isa = PBXResourcesBuildPhase;
			buildActionMask = 2147483647;
			files = (
				5AAB39E72B0ABFD700932F21 /* LaunchScreen.storyboard in Resources */,
				5AAB39E42B0ABFD700932F21 /* Assets.xcassets in Resources */,
				5AAB39DF2B0ABFD600932F21 /* Main.storyboard in Resources */,
			);
			runOnlyForDeploymentPostprocessing = 0;
		};
/* End PBXResourcesBuildPhase section */

/* Begin PBXSourcesBuildPhase section */
		5AAB39D02B0ABFD600932F21 /* Sources */ = {
			isa = PBXSourcesBuildPhase;
			buildActionMask = 2147483647;
			files = (
				5AAB39E22B0ABFD600932F21 /* Priyanka_Vithani_8875646_Lab8.xcdatamodeld in Sources */,
				5AAB39DC2B0ABFD600932F21 /* WeatherViewController.swift in Sources */,
				5AAB39D82B0ABFD600932F21 /* AppDelegate.swift in Sources */,
				5AAB39DA2B0ABFD600932F21 /* SceneDelegate.swift in Sources */,
				5A3459242B0D285F003DD7EB /* WeatherData.swift in Sources */,
				5AAB39F32B0AC4A000932F21 /* ApiConstants.swift in Sources */,
			);
			runOnlyForDeploymentPostprocessing = 0;
		};
/* End PBXSourcesBuildPhase section */

/* Begin PBXVariantGroup section */
		5AAB39DD2B0ABFD600932F21 /* Main.storyboard */ = {
			isa = PBXVariantGroup;
			children = (
				5AAB39DE2B0ABFD600932F21 /* Base */,
			);
			name = Main.storyboard;
			sourceTree = "<group>";
		};
		5AAB39E52B0ABFD700932F21 /* LaunchScreen.storyboard */ = {
			isa = PBXVariantGroup;
			children = (
				5AAB39E62B0ABFD700932F21 /* Base */,
			);
			name = LaunchScreen.storyboard;
			sourceTree = "<group>";
		};
/* End PBXVariantGroup section */

/* Begin XCBuildConfiguration section */
		5AAB39E92B0ABFD700932F21 /* Debug */ = {
			isa = XCBuildConfiguration;
			buildSettings = {
				ALWAYS_SEARCH_USER_PATHS = NO;
				ASSETCATALOG_COMPILER_GENERATE_SWIFT_ASSET_SYMBOL_EXTENSIONS = YES;
				CLANG_ANALYZER_NONNULL = YES;
				CLANG_ANALYZER_NUMBER_OBJECT_CONVERSION = YES_AGGRESSIVE;
				CLANG_CXX_LANGUAGE_STANDARD = "gnu++20";
				CLANG_ENABLE_MODULES = YES;
				CLANG_ENABLE_OBJC_ARC = YES;
				CLANG_ENABLE_OBJC_WEAK = YES;
				CLANG_WARN_BLOCK_CAPTURE_AUTORELEASING = YES;
				CLANG_WARN_BOOL_CONVERSION = YES;
				CLANG_WARN_COMMA = YES;
				CLANG_WARN_CONSTANT_CONVERSION = YES;
				CLANG_WARN_DEPRECATED_OBJC_IMPLEMENTATIONS = YES;
				CLANG_WARN_DIRECT_OBJC_ISA_USAGE = YES_ERROR;
				CLANG_WARN_DOCUMENTATION_COMMENTS = YES;
				CLANG_WARN_EMPTY_BODY = YES;
				CLANG_WARN_ENUM_CONVERSION = YES;
				CLANG_WARN_INFINITE_RECURSION = YES;
				CLANG_WARN_INT_CONVERSION = YES;
				CLANG_WARN_NON_LITERAL_NULL_CONVERSION = YES;
				CLANG_WARN_OBJC_IMPLICIT_RETAIN_SELF = YES;
				CLANG_WARN_OBJC_LITERAL_CONVERSION = YES;
				CLANG_WARN_OBJC_ROOT_CLASS = YES_ERROR;
				CLANG_WARN_QUOTED_INCLUDE_IN_FRAMEWORK_HEADER = YES;
				CLANG_WARN_RANGE_LOOP_ANALYSIS = YES;
				CLANG_WARN_STRICT_PROTOTYPES = YES;
				CLANG_WARN_SUSPICIOUS_MOVE = YES;
				CLANG_WARN_UNGUARDED_AVAILABILITY = YES_AGGRESSIVE;
				CLANG_WARN_UNREACHABLE_CODE = YES;
				CLANG_WARN__DUPLICATE_METHOD_MATCH = YES;
				COPY_PHASE_STRIP = NO;
				DEBUG_INFORMATION_FORMAT = dwarf;
				ENABLE_STRICT_OBJC_MSGSEND = YES;
				ENABLE_TESTABILITY = YES;
				ENABLE_USER_SCRIPT_SANDBOXING = YES;
				GCC_C_LANGUAGE_STANDARD = gnu17;
				GCC_DYNAMIC_NO_PIC = NO;
				GCC_NO_COMMON_BLOCKS = YES;
				GCC_OPTIMIZATION_LEVEL = 0;
				GCC_PREPROCESSOR_DEFINITIONS = (
					"DEBUG=1",
					"$(inherited)",
				);
				GCC_WARN_64_TO_32_BIT_CONVERSION = YES;
				GCC_WARN_ABOUT_RETURN_TYPE = YES_ERROR;
				GCC_WARN_UNDECLARED_SELECTOR = YES;
				GCC_WARN_UNINITIALIZED_AUTOS = YES_AGGRESSIVE;
				GCC_WARN_UNUSED_FUNCTION = YES;
				GCC_WARN_UNUSED_VARIABLE = YES;
				IPHONEOS_DEPLOYMENT_TARGET = 17.0;
				LOCALIZATION_PREFERS_STRING_CATALOGS = YES;
				MTL_ENABLE_DEBUG_INFO = INCLUDE_SOURCE;
				MTL_FAST_MATH = YES;
				ONLY_ACTIVE_ARCH = YES;
				SDKROOT = iphoneos;
				SWIFT_ACTIVE_COMPILATION_CONDITIONS = "DEBUG $(inherited)";
				SWIFT_OPTIMIZATION_LEVEL = "-Onone";
			};
			name = Debug;
		};
		5AAB39EA2B0ABFD700932F21 /* Release */ = {
			isa = XCBuildConfiguration;
			buildSettings = {
				ALWAYS_SEARCH_USER_PATHS = NO;
				ASSETCATALOG_COMPILER_GENERATE_SWIFT_ASSET_SYMBOL_EXTENSIONS = YES;
				CLANG_ANALYZER_NONNULL = YES;
				CLANG_ANALYZER_NUMBER_OBJECT_CONVERSION = YES_AGGRESSIVE;
				CLANG_CXX_LANGUAGE_STANDARD = "gnu++20";
				CLANG_ENABLE_MODULES = YES;
				CLANG_ENABLE_OBJC_ARC = YES;
				CLANG_ENABLE_OBJC_WEAK = YES;
				CLANG_WARN_BLOCK_CAPTURE_AUTORELEASING = YES;
				CLANG_WARN_BOOL_CONVERSION = YES;
				CLANG_WARN_COMMA = YES;
				CLANG_WARN_CONSTANT_CONVERSION = YES;
				CLANG_WARN_DEPRECATED_OBJC_IMPLEMENTATIONS = YES;
				CLANG_WARN_DIRECT_OBJC_ISA_USAGE = YES_ERROR;
				CLANG_WARN_DOCUMENTATION_COMMENTS = YES;
				CLANG_WARN_EMPTY_BODY = YES;
				CLANG_WARN_ENUM_CONVERSION = YES;
				CLANG_WARN_INFINITE_RECURSION = YES;
				CLANG_WARN_INT_CONVERSION = YES;
				CLANG_WARN_NON_LITERAL_NULL_CONVERSION = YES;
				CLANG_WARN_OBJC_IMPLICIT_RETAIN_SELF = YES;
				CLANG_WARN_OBJC_LITERAL_CONVERSION = YES;
				CLANG_WARN_OBJC_ROOT_CLASS = YES_ERROR;
				CLANG_WARN_QUOTED_INCLUDE_IN_FRAMEWORK_HEADER = YES;
				CLANG_WARN_RANGE_LOOP_ANALYSIS = YES;
				CLANG_WARN_STRICT_PROTOTYPES = YES;
				CLANG_WARN_SUSPICIOUS_MOVE = YES;
				CLANG_WARN_UNGUARDED_AVAILABILITY = YES_AGGRESSIVE;
				CLANG_WARN_UNREACHABLE_CODE = YES;
				CLANG_WARN__DUPLICATE_METHOD_MATCH = YES;
				COPY_PHASE_STRIP = NO;
				DEBUG_INFORMATION_FORMAT = "dwarf-with-dsym";
				ENABLE_NS_ASSERTIONS = NO;
				ENABLE_STRICT_OBJC_MSGSEND = YES;
				ENABLE_USER_SCRIPT_SANDBOXING = YES;
				GCC_C_LANGUAGE_STANDARD = gnu17;
				GCC_NO_COMMON_BLOCKS = YES;
				GCC_WARN_64_TO_32_BIT_CONVERSION = YES;
				GCC_WARN_ABOUT_RETURN_TYPE = YES_ERROR;
				GCC_WARN_UNDECLARED_SELECTOR = YES;
				GCC_WARN_UNINITIALIZED_AUTOS = YES_AGGRESSIVE;
				GCC_WARN_UNUSED_FUNCTION = YES;
				GCC_WARN_UNUSED_VARIABLE = YES;
				IPHONEOS_DEPLOYMENT_TARGET = 17.0;
				LOCALIZATION_PREFERS_STRING_CATALOGS = YES;
				MTL_ENABLE_DEBUG_INFO = NO;
				MTL_FAST_MATH = YES;
				SDKROOT = iphoneos;
				SWIFT_COMPILATION_MODE = wholemodule;
				VALIDATE_PRODUCT = YES;
			};
			name = Release;
		};
		5AAB39EC2B0ABFD700932F21 /* Debug */ = {
			isa = XCBuildConfiguration;
			buildSettings = {
				ASSETCATALOG_COMPILER_APPICON_NAME = AppIcon;
				ASSETCATALOG_COMPILER_GLOBAL_ACCENT_COLOR_NAME = AccentColor;
				CODE_SIGN_STYLE = Automatic;
				CURRENT_PROJECT_VERSION = 1;
				GENERATE_INFOPLIST_FILE = YES;
				INFOPLIST_FILE = Priyanka_Vithani_8875646_Lab8/Info.plist;
				INFOPLIST_KEY_NSLocationAlwaysAndWhenInUseUsageDescription = "We need your location to get current weather condition";
				INFOPLIST_KEY_UIApplicationSupportsIndirectInputEvents = YES;
				INFOPLIST_KEY_UILaunchStoryboardName = LaunchScreen;
				INFOPLIST_KEY_UIMainStoryboardFile = Main;
				INFOPLIST_KEY_UISupportedInterfaceOrientations_iPad = "UIInterfaceOrientationPortrait UIInterfaceOrientationPortraitUpsideDown UIInterfaceOrientationLandscapeLeft UIInterfaceOrientationLandscapeRight";
				INFOPLIST_KEY_UISupportedInterfaceOrientations_iPhone = "UIInterfaceOrientationPortrait UIInterfaceOrientationLandscapeLeft UIInterfaceOrientationLandscapeRight";
				LD_RUNPATH_SEARCH_PATHS = (
					"$(inherited)",
					"@executable_path/Frameworks",
				);
				MARKETING_VERSION = 1.0;
				PRODUCT_BUNDLE_IDENTIFIER = com.weatherMap.app;
				PRODUCT_NAME = "$(TARGET_NAME)";
				SWIFT_EMIT_LOC_STRINGS = YES;
				SWIFT_VERSION = 5.0;
				TARGETED_DEVICE_FAMILY = "1,2";
			};
			name = Debug;
		};
		5AAB39ED2B0ABFD700932F21 /* Release */ = {
			isa = XCBuildConfiguration;
			buildSettings = {
				ASSETCATALOG_COMPILER_APPICON_NAME = AppIcon;
				ASSETCATALOG_COMPILER_GLOBAL_ACCENT_COLOR_NAME = AccentColor;
				CODE_SIGN_STYLE = Automatic;
				CURRENT_PROJECT_VERSION = 1;
				GENERATE_INFOPLIST_FILE = YES;
				INFOPLIST_FILE = Priyanka_Vithani_8875646_Lab8/Info.plist;
				INFOPLIST_KEY_NSLocationAlwaysAndWhenInUseUsageDescription = "We need your location to get current weather condition";
				INFOPLIST_KEY_UIApplicationSupportsIndirectInputEvents = YES;
				INFOPLIST_KEY_UILaunchStoryboardName = LaunchScreen;
				INFOPLIST_KEY_UIMainStoryboardFile = Main;
				INFOPLIST_KEY_UISupportedInterfaceOrientations_iPad = "UIInterfaceOrientationPortrait UIInterfaceOrientationPortraitUpsideDown UIInterfaceOrientationLandscapeLeft UIInterfaceOrientationLandscapeRight";
				INFOPLIST_KEY_UISupportedInterfaceOrientations_iPhone = "UIInterfaceOrientationPortrait UIInterfaceOrientationLandscapeLeft UIInterfaceOrientationLandscapeRight";
				LD_RUNPATH_SEARCH_PATHS = (
					"$(inherited)",
					"@executable_path/Frameworks",
				);
				MARKETING_VERSION = 1.0;
				PRODUCT_BUNDLE_IDENTIFIER = com.weatherMap.app;
				PRODUCT_NAME = "$(TARGET_NAME)";
				SWIFT_EMIT_LOC_STRINGS = YES;
				SWIFT_VERSION = 5.0;
				TARGETED_DEVICE_FAMILY = "1,2";
			};
			name = Release;
		};
/* End XCBuildConfiguration section */

/* Begin XCConfigurationList section */
		5AAB39CF2B0ABFD600932F21 /* Build configuration list for PBXProject "Priyanka_Vithani_8875646_Lab8" */ = {
			isa = XCConfigurationList;
			buildConfigurations = (
				5AAB39E92B0ABFD700932F21 /* Debug */,
				5AAB39EA2B0ABFD700932F21 /* Release */,
			);
			defaultConfigurationIsVisible = 0;
			defaultConfigurationName = Release;
		};
		5AAB39EB2B0ABFD700932F21 /* Build configuration list for PBXNativeTarget "Priyanka_Vithani_8875646_Lab8" */ = {
			isa = XCConfigurationList;
			buildConfigurations = (
				5AAB39EC2B0ABFD700932F21 /* Debug */,
				5AAB39ED2B0ABFD700932F21 /* Release */,
			);
			defaultConfigurationIsVisible = 0;
			defaultConfigurationName = Release;
		};
/* End XCConfigurationList section */

/* Begin XCVersionGroup section */
		5AAB39E02B0ABFD600932F21 /* Priyanka_Vithani_8875646_Lab8.xcdatamodeld */ = {
			isa = XCVersionGroup;
			children = (
				5AAB39E12B0ABFD600932F21 /* Priyanka_Vithani_8875646_Lab8.xcdatamodel */,
			);
			currentVersion = 5AAB39E12B0ABFD600932F21 /* Priyanka_Vithani_8875646_Lab8.xcdatamodel */;
			path = Priyanka_Vithani_8875646_Lab8.xcdatamodeld;
			sourceTree = "<group>";
			versionGroupType = wrapper.xcdatamodel;
		};
/* End XCVersionGroup section */
	};
	rootObject = 5AAB39CC2B0ABFD600932F21 /* Project object */;
}
